{
  "meteor": {},
  "dependencies": {
    "basePackages": {
      "profile-online": {},
      "accounts-ui-bootstrap-dropdown": {}
    },
    "packages": {
      "profile-online": {
        "git": "https://github.com/erundook/meteor-profile-online.git",
        "tag": "v0.1.9",
        "commit": "a982f18f22cb2025a02a9b38815c68e23469cd4b"
      },
      "accounts-ui-bootstrap-dropdown": {
        "git": "https://github.com/erobit/meteor-accounts-ui-bootstrap-dropdown.git",
        "tag": "v0.6.5.1",
        "commit": "c8b29d2e7f8611d6dec9d6d23c1c2b94e000b0fb"
      }
    }
  }
}
